
Microsoft Visual Studio Solution File, Format Version 12.00
Project("{FAE04EC0-301F-11D3-BF4B-00C04F79EFBC}") = "EMS.AppProcessor", "EMS.AppProcessor\EMS.AppProcessor.csproj", "{FC3A2BE3-9D27-48E2-8873-79C8B73BC09A}"
EndProject
Project("{FAE04EC0-301F-11D3-BF4B-00C04F79EFBC}") = "EMS.Dal", "EMS.Dal\EMS.Dal.csproj", "{8AF4BE6B-9826-4EDC-A0B0-CD9F68B2DF60}"
EndProject
Project("{FAE04EC0-301F-11D3-BF4B-00C04F79EFBC}") = "EMS.App.Generator", "EMS.App.Generator\EMS.App.Generator.csproj", "{3BA8DDF2-5263-44A8-98BD-44CA0F67902C}"
EndProject
Project("{FAE04EC0-301F-11D3-BF4B-00C04F79EFBC}") = "EMS.Generator.Ws", "EMS.Generator.Ws\EMS.Generator.Ws.csproj", "{166CA566-5EDA-4C9E-9CEF-2F9F1B8ACF4D}"
EndProject
Global
	GlobalSection(SolutionConfigurationPlatforms) = preSolution
		Debug|Any CPU = Debug|Any CPU
		Release|Any CPU = Release|Any CPU
	EndGlobalSection
	GlobalSection(ProjectConfigurationPlatforms) = postSolution
		{FC3A2BE3-9D27-48E2-8873-79C8B73BC09A}.Debug|Any CPU.ActiveCfg = Debug|Any CPU
		{FC3A2BE3-9D27-48E2-8873-79C8B73BC09A}.Debug|Any CPU.Build.0 = Debug|Any CPU
		{FC3A2BE3-9D27-48E2-8873-79C8B73BC09A}.Release|Any CPU.ActiveCfg = Release|Any CPU
		{FC3A2BE3-9D27-48E2-8873-79C8B73BC09A}.Release|Any CPU.Build.0 = Release|Any CPU
		{8AF4BE6B-9826-4EDC-A0B0-CD9F68B2DF60}.Debug|Any CPU.ActiveCfg = Debug|Any CPU
		{8AF4BE6B-9826-4EDC-A0B0-CD9F68B2DF60}.Debug|Any CPU.Build.0 = Debug|Any CPU
		{8AF4BE6B-9826-4EDC-A0B0-CD9F68B2DF60}.Release|Any CPU.ActiveCfg = Release|Any CPU
		{8AF4BE6B-9826-4EDC-A0B0-CD9F68B2DF60}.Release|Any CPU.Build.0 = Release|Any CPU
		{3BA8DDF2-5263-44A8-98BD-44CA0F67902C}.Debug|Any CPU.ActiveCfg = Debug|Any CPU
		{3BA8DDF2-5263-44A8-98BD-44CA0F67902C}.Debug|Any CPU.Build.0 = Debug|Any CPU
		{3BA8DDF2-5263-44A8-98BD-44CA0F67902C}.Release|Any CPU.ActiveCfg = Release|Any CPU
		{3BA8DDF2-5263-44A8-98BD-44CA0F67902C}.Release|Any CPU.Build.0 = Release|Any CPU
		{166CA566-5EDA-4C9E-9CEF-2F9F1B8ACF4D}.Debug|Any CPU.ActiveCfg = Debug|Any CPU
		{166CA566-5EDA-4C9E-9CEF-2F9F1B8ACF4D}.Debug|Any CPU.Build.0 = Debug|Any CPU
		{166CA566-5EDA-4C9E-9CEF-2F9F1B8ACF4D}.Release|Any CPU.ActiveCfg = Release|Any CPU
		{166CA566-5EDA-4C9E-9CEF-2F9F1B8ACF4D}.Release|Any CPU.Build.0 = Release|Any CPU
	EndGlobalSection
EndGlobal
